
Microsoft Visual Studio Solution File, Format Version 12.00
# Visual Studio Version 17
VisualStudioVersion = 17.14.36401.2 d17.14
MinimumVisualStudioVersion = 10.0.40219.1
Project("{FAE04EC0-301F-11D3-BF4B-00C04F79EFBC}") = "Pansiyon Uygulaması", "Pansiyon Uygulaması\Pansiyon Uygulaması.csproj", "{09927D8D-3CD4-40A6-B8D8-1E88D6D6147B}"
EndProject
Global
	GlobalSection(SolutionConfigurationPlatforms) = preSolution
		Debug|Any CPU = Debug|Any CPU
		Release|Any CPU = Release|Any CPU
	EndGlobalSection
	GlobalSection(ProjectConfigurationPlatforms) = postSolution
		{09927D8D-3CD4-40A6-B8D8-1E88D6D6147B}.Debug|Any CPU.ActiveCfg = Debug|Any CPU
		{09927D8D-3CD4-40A6-B8D8-1E88D6D6147B}.Debug|Any CPU.Build.0 = Debug|Any CPU
		{09927D8D-3CD4-40A6-B8D8-1E88D6D6147B}.Release|Any CPU.ActiveCfg = Release|Any CPU
		{09927D8D-3CD4-40A6-B8D8-1E88D6D6147B}.Release|Any CPU.Build.0 = Release|Any CPU
	EndGlobalSection
	GlobalSection(SolutionProperties) = preSolution
		HideSolutionNode = FALSE
	EndGlobalSection
	GlobalSection(ExtensibilityGlobals) = postSolution
		SolutionGuid = {CFD8A9A5-606B-44C0-8360-CDCF281EEFDB}
	EndGlobalSection
EndGlobal
